
Microsoft Visual Studio Solution File, Format Version 12.00
# Visual Studio Version 16
VisualStudioVersion = 16.0.30717.126
MinimumVisualStudioVersion = 10.0.40219.1
Project("{9A19103F-16F7-4668-BE54-9A1E7A4F7556}") = "console", "console\console.csproj", "{10EE0643-2664-404F-B4B2-DC0BC5D654C7}"
EndProject
Global
	GlobalSection(SolutionConfigurationPlatforms) = preSolution
		Debug|Any CPU = Debug|Any CPU
		Release|Any CPU = Release|Any CPU
	EndGlobalSection
	GlobalSection(ProjectConfigurationPlatforms) = postSolution
		{10EE0643-2664-404F-B4B2-DC0BC5D654C7}.Debug|Any CPU.ActiveCfg = Debug|Any CPU
		{10EE0643-2664-404F-B4B2-DC0BC5D654C7}.Debug|Any CPU.Build.0 = Debug|Any CPU
		{10EE0643-2664-404F-B4B2-DC0BC5D654C7}.Release|Any CPU.ActiveCfg = Release|Any CPU
		{10EE0643-2664-404F-B4B2-DC0BC5D654C7}.Release|Any CPU.Build.0 = Release|Any CPU
	EndGlobalSection
	GlobalSection(SolutionProperties) = preSolution
		HideSolutionNode = FALSE
	EndGlobalSection
	GlobalSection(ExtensibilityGlobals) = postSolution
		SolutionGuid = {F7A056D3-A2EE-4897-8877-9C711036FBCF}
	EndGlobalSection
EndGlobal
